
Microsoft Visual Studio Solution File, Format Version 12.00
# Visual Studio Version 17
VisualStudioVersion = 17.3.32929.385
MinimumVisualStudioVersion = 10.0.40219.1
Project("{FAE04EC0-301F-11D3-BF4B-00C04F79EFBC}") = "SF2022User{NN}Lib", "ClassLibrary3\SF2022User{NN}Lib.csproj", "{C7C1B56F-20AE-485D-A70C-DC7AC0064F5A}"
EndProject
Project("{FAE04EC0-301F-11D3-BF4B-00C04F79EFBC}") = "UnitTests", "UnitTests\UnitTests.csproj", "{9574515E-8C34-4E19-A105-8EBDA3D2D950}"
EndProject
Global
	GlobalSection(SolutionConfigurationPlatforms) = preSolution
		Debug|Any CPU = Debug|Any CPU
		Release|Any CPU = Release|Any CPU
	EndGlobalSection
	GlobalSection(ProjectConfigurationPlatforms) = postSolution
		{C7C1B56F-20AE-485D-A70C-DC7AC0064F5A}.Debug|Any CPU.ActiveCfg = Debug|Any CPU
		{C7C1B56F-20AE-485D-A70C-DC7AC0064F5A}.Debug|Any CPU.Build.0 = Debug|Any CPU
		{C7C1B56F-20AE-485D-A70C-DC7AC0064F5A}.Release|Any CPU.ActiveCfg = Release|Any CPU
		{C7C1B56F-20AE-485D-A70C-DC7AC0064F5A}.Release|Any CPU.Build.0 = Release|Any CPU
		{9574515E-8C34-4E19-A105-8EBDA3D2D950}.Debug|Any CPU.ActiveCfg = Debug|Any CPU
		{9574515E-8C34-4E19-A105-8EBDA3D2D950}.Debug|Any CPU.Build.0 = Debug|Any CPU
		{9574515E-8C34-4E19-A105-8EBDA3D2D950}.Release|Any CPU.ActiveCfg = Release|Any CPU
		{9574515E-8C34-4E19-A105-8EBDA3D2D950}.Release|Any CPU.Build.0 = Release|Any CPU
	EndGlobalSection
	GlobalSection(SolutionProperties) = preSolution
		HideSolutionNode = FALSE
	EndGlobalSection
	GlobalSection(ExtensibilityGlobals) = postSolution
		SolutionGuid = {DF20CB3F-771C-4780-A0AC-C6963D7CA4BB}
	EndGlobalSection
EndGlobal
